Microsoft Visual Studio Solution File, Format Version 12.00
# Visual Studio Version 17
VisualStudioVersion = 17.5.2.0
MinimumVisualStudioVersion = 10.0.40219.1
Project("{FAE04EC0-301F-11D3-BF4B-00C04F79EFBC}") = "POO_5sem", "POO_5sem.csproj", "{B050D66D-E090-16CF-B80F-4249005FDCEB}"
EndProject
Global
	GlobalSection(SolutionConfigurationPlatforms) = preSolution
		Debug|Any CPU = Debug|Any CPU
		Release|Any CPU = Release|Any CPU
	EndGlobalSection
	GlobalSection(ProjectConfigurationPlatforms) = postSolution
		{B050D66D-E090-16CF-B80F-4249005FDCEB}.Debug|Any CPU.ActiveCfg = Debug|Any CPU
		{B050D66D-E090-16CF-B80F-4249005FDCEB}.Debug|Any CPU.Build.0 = Debug|Any CPU
		{B050D66D-E090-16CF-B80F-4249005FDCEB}.Release|Any CPU.ActiveCfg = Release|Any CPU
		{B050D66D-E090-16CF-B80F-4249005FDCEB}.Release|Any CPU.Build.0 = Release|Any CPU
	EndGlobalSection
	GlobalSection(SolutionProperties) = preSolution
		HideSolutionNode = FALSE
	EndGlobalSection
	GlobalSection(ExtensibilityGlobals) = postSolution
		SolutionGuid = {FC880F01-A66B-4E0A-8599-B092CB62784C}
	EndGlobalSection
EndGlobal
